
Microsoft Visual Studio Solution File, Format Version 12.00
# Visual Studio 2013
VisualStudioVersion = 12.0.30110.0
MinimumVisualStudioVersion = 10.0.40219.1
Project("{8BC9CEB8-8B4A-11D0-8D11-00A0C91BC942}") = "eminorv2", "eminorv2.vcxproj", "{E6716D64-13FA-474F-BF8F-86C24F6AE373}"
EndProject
Global
	GlobalSection(SolutionConfigurationPlatforms) = preSolution
		Debug - v5|x64 = Debug - v5|x64
		Debug - v5|x86 = Debug - v5|x86
		Release - v5|x64 = Release - v5|x64
		Release - v5|x86 = Release - v5|x86
	EndGlobalSection
	GlobalSection(ProjectConfigurationPlatforms) = postSolution
		{E6716D64-13FA-474F-BF8F-86C24F6AE373}.Debug - v5|x64.ActiveCfg = Debug - v5|x64
		{E6716D64-13FA-474F-BF8F-86C24F6AE373}.Debug - v5|x64.Build.0 = Debug - v5|x64
		{E6716D64-13FA-474F-BF8F-86C24F6AE373}.Debug - v5|x86.ActiveCfg = Debug - v2|Win32
		{E6716D64-13FA-474F-BF8F-86C24F6AE373}.Debug - v5|x86.Build.0 = Debug - v2|Win32
		{E6716D64-13FA-474F-BF8F-86C24F6AE373}.Release - v5|x64.ActiveCfg = Release - v5|x64
		{E6716D64-13FA-474F-BF8F-86C24F6AE373}.Release - v5|x64.Build.0 = Release - v5|x64
		{E6716D64-13FA-474F-BF8F-86C24F6AE373}.Release - v5|x86.ActiveCfg = Release|Win32
		{E6716D64-13FA-474F-BF8F-86C24F6AE373}.Release - v5|x86.Build.0 = Release|Win32
	EndGlobalSection
	GlobalSection(SolutionProperties) = preSolution
		HideSolutionNode = FALSE
	EndGlobalSection
EndGlobal
